// !$*UTF8*$!
{
	archiveVersion = 1;
	classes = {
	};
	objectVersion = 46;
	objects = {

/* Begin PBXBuildFile section */
		5EEA11721BF096F7003E09CF /* main.m in Sources */ = {isa = PBXBuildFile; fileRef = 5EEA11711BF096F7003E09CF /* main.m */; };
		5EEA11751BF096F7003E09CF /* AppDelegate.m in Sources */ = {isa = PBXBuildFile; fileRef = 5EEA11741BF096F7003E09CF /* AppDelegate.m */; };
		5EEA11781BF096F7003E09CF /* ViewController.m in Sources */ = {isa = PBXBuildFile; fileRef = 5EEA11771BF096F7003E09CF /* ViewController.m */; };
		5EEA117B1BF096F7003E09CF /* Main.storyboard in Resources */ = {isa = PBXBuildFile; fileRef = 5EEA11791BF096F7003E09CF /* Main.storyboard */; };
		5EEA117D1BF096F7003E09CF /* Assets.xcassets in Resources */ = {isa = PBXBuildFile; fileRef = 5EEA117C1BF096F7003E09CF /* Assets.xcassets */; };
		5EEA11801BF096F8003E09CF /* LaunchScreen.storyboard in Resources */ = {isa = PBXBuildFile; fileRef = 5EEA117E1BF096F8003E09CF /* LaunchScreen.storyboard */; };
		5EEA118B1BF096F8003E09CF /* tsetGitTests.m in Sources */ = {isa = PBXBuildFile; fileRef = 5EEA118A1BF096F8003E09CF /* tsetGitTests.m */; };
		5EEA11961BF096F8003E09CF /* tsetGitUITests.m in Sources */ = {isa = PBXBuildFile; fileRef = 5EEA11951BF096F8003E09CF /* tsetGitUITests.m */; };
/* End PBXBuildFile section */

/* Begin PBXContainerItemProxy section */
		5EEA11871BF096F8003E09CF /* PBXContainerItemProxy */ = {
			isa = PBXContainerItemProxy;
			containerPortal = 5EEA11651BF096F7003E09CF /* Project object */;
			proxyType = 1;
			remoteGlobalIDString = 5EEA116C1BF096F7003E09CF;
			remoteInfo = tsetGit;
		};
		5EEA11921BF096F8003E09CF /* PBXContainerItemProxy */ = {
			isa = PBXContainerItemProxy;
			containerPortal = 5EEA11651BF096F7003E09CF /* Project object */;
			proxyType = 1;
			remoteGlobalIDString = 5EEA116C1BF096F7003E09CF;
			remoteInfo = tsetGit;
		};
/* End PBXContainerItemProxy section */

/* Begin PBXFileReference section */
		5EEA116D1BF096F7003E09CF /* tsetGit.app */ = {isa = PBXFileReference; explicitFileType = wrapper.application; includeInIndex = 0; path = tsetGit.app; sourceTree = BUILT_PRODUCTS_DIR; };
		5EEA11711BF096F7003E09CF /* main.m */ = {isa = PBXFileReference; lastKnownFileType = sourcecode.c.objc; path = main.m; sourceTree = "<group>"; };
		5EEA11731BF096F7003E09CF /* AppDelegate.h */ = {isa = PBXFileReference; lastKnownFileType = sourcecode.c.h; path = AppDelegate.h; sourceTree = "<group>"; };
		5EEA11741BF096F7003E09CF /* AppDelegate.m */ = {isa = PBXFileReference; lastKnownFileType = sourcecode.c.objc; path = AppDelegate.m; sourceTree = "<group>"; };
		5EEA11761BF096F7003E09CF /* ViewController.h */ = {isa = PBXFileReference; lastKnownFileType = sourcecode.c.h; path = ViewController.h; sourceTree = "<group>"; };
		5EEA11771BF096F7003E09CF /* ViewController.m */ = {isa = PBXFileReference; lastKnownFileType = sourcecode.c.objc; path = ViewController.m; sourceTree = "<group>"; };
		5EEA117A1BF096F7003E09CF /* Base */ = {isa = PBXFileReference; lastKnownFileType = file.storyboard; name = Base; path = Base.lproj/Main.storyboard; sourceTree = "<group>"; };
		5EEA117C1BF096F7003E09CF /* Assets.xcassets */ = {isa = PBXFileReference; lastKnownFileType = folder.assetcatalog; path = Assets.xcassets; sourceTree = "<group>"; };
		5EEA117F1BF096F8003E09CF /* Base */ = {isa = PBXFileReference; lastKnownFileType = file.storyboard; name = Base; path = Base.lproj/LaunchScreen.storyboard; sourceTree = "<group>"; };
		5EEA11811BF096F8003E09CF /* Info.plist */ = {isa = PBXFileReference; lastKnownFileType = text.plist.xml; path = Info.plist; sourceTree = "<group>"; };
		5EEA11861BF096F8003E09CF /* tsetGitTests.xctest */ = {isa = PBXFileReference; explicitFileType = wrapper.cfbundle; includeInIndex = 0; path = tsetGitTests.xctest; sourceTree = BUILT_PRODUCTS_DIR; };
		5EEA118A1BF096F8003E09CF /* tsetGitTests.m */ = {isa = PBXFileReference; lastKnownFileType = sourcecode.c.objc; path = tsetGitTests.m; sourceTree = "<group>"; };
		5EEA118C1BF096F8003E09CF /* Info.plist */ = {isa = PBXFileReference; lastKnownFileType = text.plist.xml; path = Info.plist; sourceTree = "<group>"; };
		5EEA11911BF096F8003E09CF /* tsetGitUITests.xctest */ = {isa = PBXFileReference; explicitFileType = wrapper.cfbundle; includeInIndex = 0; path = tsetGitUITests.xctest; sourceTree = BUILT_PRODUCTS_DIR; };
		5EEA11951BF096F8003E09CF /* tsetGitUITests.m */ = {isa = PBXFileReference; lastKnownFileType = sourcecode.c.objc; path = tsetGitUITests.m; sourceTree = "<group>"; };
		5EEA11971BF096F8003E09CF /* Info.plist */ = {isa = PBXFileReference; lastKnownFileType = text.plist.xml; path = Info.plist; sourceTree = "<group>"; };
/* End PBXFileReference section */

/* Begin PBXFrameworksBuildPhase section */
		5EEA116A1BF096F7003E09CF /* Frameworks */ = {
			isa = PBXFrameworksBuildPhase;
			buildActionMask = 2147483647;
			files = (
			);
			runOnlyForDeploymentPostprocessing = 0;
		};
		5EEA11831BF096F8003E09CF /* Frameworks */ = {
			isa = PBXFrameworksBuildPhase;
			buildActionMask = 2147483647;
			files = (
			);
			runOnlyForDeploymentPostprocessing = 0;
		};
		5EEA118E1BF096F8003E09CF /* Frameworks */ = {
			isa = PBXFrameworksBuildPhase;
			buildActionMask = 2147483647;
			files = (
			);
			runOnlyForDeploymentPostprocessing = 0;
		};
/* End PBXFrameworksBuildPhase section */

/* Begin PBXGroup section */
		5EEA11641BF096F6003E09CF = {
			isa = PBXGroup;
			children = (
				5EEA116F1BF096F7003E09CF /* tsetGit */,
				5EEA11891BF096F8003E09CF /* tsetGitTests */,
				5EEA11941BF096F8003E09CF /* tsetGitUITests */,
				5EEA116E1BF096F7003E09CF /* Products */,
			);
			sourceTree = "<group>";
		};
		5EEA116E1BF096F7003E09CF /* Products */ = {
			isa = PBXGroup;
			children = (
				5EEA116D1BF096F7003E09CF /* tsetGit.app */,
				5EEA11861BF096F8003E09CF /* tsetGitTests.xctest */,
				5EEA11911BF096F8003E09CF /* tsetGitUITests.xctest */,
			);
			name = Products;
			sourceTree = "<group>";
		};
		5EEA116F1BF096F7003E09CF /* tsetGit */ = {
			isa = PBXGroup;
			children = (
				5EEA11731BF096F7003E09CF /* AppDelegate.h */,
				5EEA11741BF096F7003E09CF /* AppDelegate.m */,
				5EEA11761BF096F7003E09CF /* ViewController.h */,
				5EEA11771BF096F7003E09CF /* ViewController.m */,
				5EEA11791BF096F7003E09CF /* Main.storyboard */,
				5EEA117C1BF096F7003E09CF /* Assets.xcassets */,
				5EEA117E1BF096F8003E09CF /* LaunchScreen.storyboard */,
				5EEA11811BF096F8003E09CF /* Info.plist */,
				5EEA11701BF096F7003E09CF /* Supporting Files */,
			);
			path = tsetGit;
			sourceTree = "<group>";
		};
		5EEA11701BF096F7003E09CF /* Supporting Files */ = {
			isa = PBXGroup;
			children = (
				5EEA11711BF096F7003E09CF /* main.m */,
			);
			name = "Supporting Files";
			sourceTree = "<group>";
		};
		5EEA11891BF096F8003E09CF /* tsetGitTests */ = {
			isa = PBXGroup;
			children = (
				5EEA118A1BF096F8003E09CF /* tsetGitTests.m */,
				5EEA118C1BF096F8003E09CF /* Info.plist */,
			);
			path = tsetGitTests;
			sourceTree = "<group>";
		};
		5EEA11941BF096F8003E09CF /* tsetGitUITests */ = {
			isa = PBXGroup;
			children = (
				5EEA11951BF096F8003E09CF /* tsetGitUITests.m */,
				5EEA11971BF096F8003E09CF /* Info.plist */,
			);
			path = tsetGitUITests;
			sourceTree = "<group>";
		};
/* End PBXGroup section */

/* Begin PBXNativeTarget section */
		5EEA116C1BF096F7003E09CF /* tsetGit */ = {
			isa = PBXNativeTarget;
			buildConfigurationList = 5EEA119A1BF096F8003E09CF /* Build configuration list for PBXNativeTarget "tsetGit" */;
			buildPhases = (
				5EEA11691BF096F7003E09CF /* Sources */,
				5EEA116A1BF096F7003E09CF /* Frameworks */,
				5EEA116B1BF096F7003E09CF /* Resources */,
			);
			buildRules = (
			);
			dependencies = (
			);
			name = tsetGit;
			productName = tsetGit;
			productReference = 5EEA116D1BF096F7003E09CF /* tsetGit.app */;
			productType = "com.apple.product-type.application";
		};
		5EEA11851BF096F8003E09CF /* tsetGitTests */ = {
			isa = PBXNativeTarget;
			buildConfigurationList = 5EEA119D1BF096F8003E09CF /* Build configuration list for PBXNativeTarget "tsetGitTests" */;
			buildPhases = (
				5EEA11821BF096F8003E09CF /* Sources */,
				5EEA11831BF096F8003E09CF /* Frameworks */,
				5EEA11841BF096F8003E09CF /* Resources */,
			);
			buildRules = (
			);
			dependencies = (
				5EEA11881BF096F8003E09CF /* PBXTargetDependency */,
			);
			name = tsetGitTests;
			productName = tsetGitTests;
			productReference = 5EEA11861BF096F8003E09CF /* tsetGitTests.xctest */;
			productType = "com.apple.product-type.bundle.unit-test";
		};
		5EEA11901BF096F8003E09CF /* tsetGitUITests */ = {
			isa = PBXNativeTarget;
			buildConfigurationList = 5EEA11A01BF096F8003E09CF /* Build configuration list for PBXNativeTarget "tsetGitUITests" */;
			buildPhases = (
				5EEA118D1BF096F8003E09CF /* Sources */,
				5EEA118E1BF096F8003E09CF /* Frameworks */,
				5EEA118F1BF096F8003E09CF /* Resources */,
			);
			buildRules = (
			);
			dependencies = (
				5EEA11931BF096F8003E09CF /* PBXTargetDependency */,
			);
			name = tsetGitUITests;
			productName = tsetGitUITests;
			productReference = 5EEA11911BF096F8003E09CF /* tsetGitUITests.xctest */;
			productType = "com.apple.product-type.bundle.ui-testing";
		};
/* End PBXNativeTarget section */

/* Begin PBXProject section */
		5EEA11651BF096F7003E09CF /* Project object */ = {
			isa = PBXProject;
			attributes = {
				LastUpgradeCheck = 0700;
				ORGANIZATIONNAME = lianyin;
				TargetAttributes = {
					5EEA116C1BF096F7003E09CF = {
						CreatedOnToolsVersion = 7.0;
					};
					5EEA11851BF096F8003E09CF = {
						CreatedOnToolsVersion = 7.0;
						TestTargetID = 5EEA116C1BF096F7003E09CF;
					};
					5EEA11901BF096F8003E09CF = {
						CreatedOnToolsVersion = 7.0;
						TestTargetID = 5EEA116C1BF096F7003E09CF;
					};
				};
			};
			buildConfigurationList = 5EEA11681BF096F7003E09CF /* Build configuration list for PBXProject "tsetGit" */;
			compatibilityVersion = "Xcode 3.2";
			developmentRegion = English;
			hasScannedForEncodings = 0;
			knownRegions = (
				en,
				Base,
			);
			mainGroup = 5EEA11641BF096F6003E09CF;
			productRefGroup = 5EEA116E1BF096F7003E09CF /* Products */;
			projectDirPath = "";
			projectRoot = "";
			targets = (
				5EEA116C1BF096F7003E09CF /* tsetGit */,
				5EEA11851BF096F8003E09CF /* tsetGitTests */,
				5EEA11901BF096F8003E09CF /* tsetGitUITests */,
			);
		};
/* End PBXProject section */

/* Begin PBXResourcesBuildPhase section */
		5EEA116B1BF096F7003E09CF /* Resources */ = {
			isa = PBXResourcesBuildPhase;
			buildActionMask = 2147483647;
			files = (
				5EEA11801BF096F8003E09CF /* LaunchScreen.storyboard in Resources */,
				5EEA117D1BF096F7003E09CF /* Assets.xcassets in Resources */,
				5EEA117B1BF096F7003E09CF /* Main.storyboard in Resources */,
			);
			runOnlyForDeploymentPostprocessing = 0;
		};
		5EEA11841BF096F8003E09CF /* Resources */ = {
			isa = PBXResourcesBuildPhase;
			buildActionMask = 2147483647;
			files = (
			);
			runOnlyForDeploymentPostprocessing = 0;
		};
		5EEA118F1BF096F8003E09CF /* Resources */ = {
			isa = PBXResourcesBuildPhase;
			buildActionMask = 2147483647;
			files = (
			);
			runOnlyForDeploymentPostprocessing = 0;
		};
/* End PBXResourcesBuildPhase section */

/* Begin PBXSourcesBuildPhase section */
		5EEA11691BF096F7003E09CF /* Sources */ = {
			isa = PBXSourcesBuildPhase;
			buildActionMask = 2147483647;
			files = (
				5EEA11781BF096F7003E09CF /* ViewController.m in Sources */,
				5EEA11751BF096F7003E09CF /* AppDelegate.m in Sources */,
				5EEA11721BF096F7003E09CF /* main.m in Sources */,
			);
			runOnlyForDeploymentPostprocessing = 0;
		};
		5EEA11821BF096F8003E09CF /* Sources */ = {
			isa = PBXSourcesBuildPhase;
			buildActionMask = 2147483647;
			files = (
				5EEA118B1BF096F8003E09CF /* tsetGitTests.m in Sources */,
			);
			runOnlyForDeploymentPostprocessing = 0;
		};
		5EEA118D1BF096F8003E09CF /* Sources */ = {
			isa = PBXSourcesBuildPhase;
			buildActionMask = 2147483647;
			files = (
				5EEA11961BF096F8003E09CF /* tsetGitUITests.m in Sources */,
			);
			runOnlyForDeploymentPostprocessing = 0;
		};
/* End PBXSourcesBuildPhase section */

/* Begin PBXTargetDependency section */
		5EEA11881BF096F8003E09CF /* PBXTargetDependency */ = {
			isa = PBXTargetDependency;
			target = 5EEA116C1BF096F7003E09CF /* tsetGit */;
			targetProxy = 5EEA11871BF096F8003E09CF /* PBXContainerItemProxy */;
		};
		5EEA11931BF096F8003E09CF /* PBXTargetDependency */ = {
			isa = PBXTargetDependency;
			target = 5EEA116C1BF096F7003E09CF /* tsetGit */;
			targetProxy = 5EEA11921BF096F8003E09CF /* PBXContainerItemProxy */;
		};
/* End PBXTargetDependency section */

/* Begin PBXVariantGroup section */
		5EEA11791BF096F7003E09CF /* Main.storyboard */ = {
			isa = PBXVariantGroup;
			children = (
				5EEA117A1BF096F7003E09CF /* Base */,
			);
			name = Main.storyboard;
			sourceTree = "<group>";
		};
		5EEA117E1BF096F8003E09CF /* LaunchScreen.storyboard */ = {
			isa = PBXVariantGroup;
			children = (
				5EEA117F1BF096F8003E09CF /* Base */,
			);
			name = LaunchScreen.storyboard;
			sourceTree = "<group>";
		};
/* End PBXVariantGroup section */

/* Begin XCBuildConfiguration section */
		5EEA11981BF096F8003E09CF /* Debug */ = {
			isa = XCBuildConfiguration;
			buildSettings = {
				ALWAYS_SEARCH_USER_PATHS = NO;
				CLANG_CXX_LANGUAGE_STANDARD = "gnu++0x";
				CLANG_CXX_LIBRARY = "libc++";
				CLANG_ENABLE_MODULES = YES;
				CLANG_ENABLE_OBJC_ARC = YES;
				CLANG_WARN_BOOL_CONVERSION = YES;
				CLANG_WARN_CONSTANT_CONVERSION = YES;
				CLANG_WARN_DIRECT_OBJC_ISA_USAGE = YES_ERROR;
				CLANG_WARN_EMPTY_BODY = YES;
				CLANG_WARN_ENUM_CONVERSION = YES;
				CLANG_WARN_INT_CONVERSION = YES;
				CLANG_WARN_OBJC_ROOT_CLASS = YES_ERROR;
				CLANG_WARN_UNREACHABLE_CODE = YES;
				CLANG_WARN__DUPLICATE_METHOD_MATCH = YES;
				"CODE_SIGN_IDENTITY[sdk=iphoneos*]" = "iPhone Developer";
				COPY_PHASE_STRIP = NO;
				DEBUG_INFORMATION_FORMAT = dwarf;
				ENABLE_STRICT_OBJC_MSGSEND = YES;
				ENABLE_TESTABILITY = YES;
				GCC_C_LANGUAGE_STANDARD = gnu99;
				GCC_DYNAMIC_NO_PIC = NO;
				GCC_NO_COMMON_BLOCKS = YES;
				GCC_OPTIMIZATION_LEVEL = 0;
				GCC_PREPROCESSOR_DEFINITIONS = (
					"DEBUG=1",
					"$(inherited)",
				);
				GCC_WARN_64_TO_32_BIT_CONVERSION = YES;
				GCC_WARN_ABOUT_RETURN_TYPE = YES_ERROR;
				GCC_WARN_UNDECLARED_SELECTOR = YES;
				GCC_WARN_UNINITIALIZED_AUTOS = YES_AGGRESSIVE;
				GCC_WARN_UNUSED_FUNCTION = YES;
				GCC_WARN_UNUSED_VARIABLE = YES;
				IPHONEOS_DEPLOYMENT_TARGET = 9.0;
				MTL_ENABLE_DEBUG_INFO = YES;
				ONLY_ACTIVE_ARCH = YES;
				SDKROOT = iphoneos;
				TARGETED_DEVICE_FAMILY = "1,2";
			};
			name = Debug;
		};
		5EEA11991BF096F8003E09CF /* Release */ = {
			isa = XCBuildConfiguration;
			buildSettings = {
				ALWAYS_SEARCH_USER_PATHS = NO;
				CLANG_CXX_LANGUAGE_STANDARD = "gnu++0x";
				CLANG_CXX_LIBRARY = "libc++";
				CLANG_ENABLE_MODULES = YES;
				CLANG_ENABLE_OBJC_ARC = YES;
				CLANG_WARN_BOOL_CONVERSION = YES;
				CLANG_WARN_CONSTANT_CONVERSION = YES;
				CLANG_WARN_DIRECT_OBJC_ISA_USAGE = YES_ERROR;
				CLANG_WARN_EMPTY_BODY = YES;
				CLANG_WARN_ENUM_CONVERSION = YES;
				CLANG_WARN_INT_CONVERSION = YES;
				CLANG_WARN_OBJC_ROOT_CLASS = YES_ERROR;
				CLANG_WARN_UNREACHABLE_CODE = YES;
				CLANG_WARN__DUPLICATE_METHOD_MATCH = YES;
				"CODE_SIGN_IDENTITY[sdk=iphoneos*]" = "iPhone Developer";
				COPY_PHASE_STRIP = NO;
				DEBUG_INFORMATION_FORMAT = "dwarf-with-dsym";
				ENABLE_NS_ASSERTIONS = NO;
				ENABLE_STRICT_OBJC_MSGSEND = YES;
				GCC_C_LANGUAGE_STANDARD = gnu99;
				GCC_NO_COMMON_BLOCKS = YES;
				GCC_WARN_64_TO_32_BIT_CONVERSION = YES;
				GCC_WARN_ABOUT_RETURN_TYPE = YES_ERROR;
				GCC_WARN_UNDECLARED_SELECTOR = YES;
				GCC_WARN_UNINITIALIZED_AUTOS = YES_AGGRESSIVE;
				GCC_WARN_UNUSED_FUNCTION = YES;
				GCC_WARN_UNUSED_VARIABLE = YES;
				IPHONEOS_DEPLOYMENT_TARGET = 9.0;
				MTL_ENABLE_DEBUG_INFO = NO;
				SDKROOT = iphoneos;
				TARGETED_DEVICE_FAMILY = "1,2";
				VALIDATE_PRODUCT = YES;
			};
			name = Release;
		};
		5EEA119B1BF096F8003E09CF /* Debug */ = {
			isa = XCBuildConfiguration;
			buildSettings = {
				ASSETCATALOG_COMPILER_APPICON_NAME = AppIcon;
				INFOPLIST_FILE = tsetGit/Info.plist;
				LD_RUNPATH_SEARCH_PATHS = "$(inherited) @executable_path/Frameworks";
				PRODUCT_BUNDLE_IDENTIFIER = "-11.tsetGit";
				PRODUCT_NAME = "$(TARGET_NAME)";
			};
			name = Debug;
		};
		5EEA119C1BF096F8003E09CF /* Release */ = {
			isa = XCBuildConfiguration;
			buildSettings = {
				ASSETCATALOG_COMPILER_APPICON_NAME = AppIcon;
				INFOPLIST_FILE = tsetGit/Info.plist;
				LD_RUNPATH_SEARCH_PATHS = "$(inherited) @executable_path/Frameworks";
				PRODUCT_BUNDLE_IDENTIFIER = "-11.tsetGit";
				PRODUCT_NAME = "$(TARGET_NAME)";
			};
			name = Release;
		};
		5EEA119E1BF096F8003E09CF /* Debug */ = {
			isa = XCBuildConfiguration;
			buildSettings = {
				BUNDLE_LOADER = "$(TEST_HOST)";
				INFOPLIST_FILE = tsetGitTests/Info.plist;
				LD_RUNPATH_SEARCH_PATHS = "$(inherited) @executable_path/Frameworks @loader_path/Frameworks";
				PRODUCT_BUNDLE_IDENTIFIER = "-11.tsetGitTests";
				PRODUCT_NAME = "$(TARGET_NAME)";
				TEST_HOST = "$(BUILT_PRODUCTS_DIR)/tsetGit.app/tsetGit";
			};
			name = Debug;
		};
		5EEA119F1BF096F8003E09CF /* Release */ = {
			isa = XCBuildConfiguration;
			buildSettings = {
				BUNDLE_LOADER = "$(TEST_HOST)";
				INFOPLIST_FILE = tsetGitTests/Info.plist;
				LD_RUNPATH_SEARCH_PATHS = "$(inherited) @executable_path/Frameworks @loader_path/Frameworks";
				PRODUCT_BUNDLE_IDENTIFIER = "-11.tsetGitTests";
				PRODUCT_NAME = "$(TARGET_NAME)";
				TEST_HOST = "$(BUILT_PRODUCTS_DIR)/tsetGit.app/tsetGit";
			};
			name = Release;
		};
		5EEA11A11BF096F8003E09CF /* Debug */ = {
			isa = XCBuildConfiguration;
			buildSettings = {
				INFOPLIST_FILE = tsetGitUITests/Info.plist;
				LD_RUNPATH_SEARCH_PATHS = "$(inherited) @executable_path/Frameworks @loader_path/Frameworks";
				PRODUCT_BUNDLE_IDENTIFIER = "-11.tsetGitUITests";
				PRODUCT_NAME = "$(TARGET_NAME)";
				TEST_TARGET_NAME = tsetGit;
				USES_XCTRUNNER = YES;
			};
			name = Debug;
		};
		5EEA11A21BF096F8003E09CF /* Release */ = {
			isa = XCBuildConfiguration;
			buildSettings = {
				INFOPLIST_FILE = tsetGitUITests/Info.plist;
				LD_RUNPATH_SEARCH_PATHS = "$(inherited) @executable_path/Frameworks @loader_path/Frameworks";
				PRODUCT_BUNDLE_IDENTIFIER = "-11.tsetGitUITests";
				PRODUCT_NAME = "$(TARGET_NAME)";
				TEST_TARGET_NAME = tsetGit;
				USES_XCTRUNNER = YES;
			};
			name = Release;
		};
/* End XCBuildConfiguration section */

/* Begin XCConfigurationList section */
		5EEA11681BF096F7003E09CF /* Build configuration list for PBXProject "tsetGit" */ = {
			isa = XCConfigurationList;
			buildConfigurations = (
				5EEA11981BF096F8003E09CF /* Debug */,
				5EEA11991BF096F8003E09CF /* Release */,
			);
			defaultConfigurationIsVisible = 0;
			defaultConfigurationName = Release;
		};
		5EEA119A1BF096F8003E09CF /* Build configuration list for PBXNativeTarget "tsetGit" */ = {
			isa = XCConfigurationList;
			buildConfigurations = (
				5EEA119B1BF096F8003E09CF /* Debug */,
				5EEA119C1BF096F8003E09CF /* Release */,
			);
			defaultConfigurationIsVisible = 0;
		};
		5EEA119D1BF096F8003E09CF /* Build configuration list for PBXNativeTarget "tsetGitTests" */ = {
			isa = XCConfigurationList;
			buildConfigurations = (
				5EEA119E1BF096F8003E09CF /* Debug */,
				5EEA119F1BF096F8003E09CF /* Release */,
			);
			defaultConfigurationIsVisible = 0;
		};
		5EEA11A01BF096F8003E09CF /* Build configuration list for PBXNativeTarget "tsetGitUITests" */ = {
			isa = XCConfigurationList;
			buildConfigurations = (
				5EEA11A11BF096F8003E09CF /* Debug */,
				5EEA11A21BF096F8003E09CF /* Release */,
			);
			defaultConfigurationIsVisible = 0;
		};
/* End XCConfigurationList section */
	};
	rootObject = 5EEA11651BF096F7003E09CF /* Project object */;
}
